<?xml version="1.0" encoding="UTF-8"?>
<!DOCTYPE plist PUBLIC "-//Apple//DTD PLIST 1.0//EN" "http://www.apple.com/DTDs/PropertyList-1.0.dtd">
<plist version="1.0">
<dict>
	<key>archiveVersion</key>
	<string>1</string>
	<key>classes</key>
	<dict/>
	<key>objectVersion</key>
	<string>46</string>
	<key>objects</key>
	<dict>
		<key>3FC923D90E2F41FFB7D930E7</key>
		<dict>
			<key>buildActionMask</key>
			<string>2147483647</string>
			<key>files</key>
			<array/>
			<key>inputPaths</key>
			<array/>
			<key>isa</key>
			<string>PBXShellScriptBuildPhase</string>
			<key>name</key>
			<string>Check Pods Manifest.lock</string>
			<key>outputPaths</key>
			<array/>
			<key>runOnlyForDeploymentPostprocessing</key>
			<string>0</string>
			<key>shellPath</key>
			<string>/bin/sh</string>
			<key>shellScript</key>
			<string>diff "${PODS_ROOT}/../Podfile.lock" "${PODS_ROOT}/Manifest.lock" &gt; /dev/null
if [[ $? != 0 ]] ; then
    cat &lt;&lt; EOM
error: The sandbox is not in sync with the Podfile.lock. Run 'pod install' or update your CocoaPods installation.
EOM
    exit 1
fi
</string>
			<key>showEnvVarsInLog</key>
			<string>0</string>
		</dict>
		<key>5D4CDE29462342A790B5BD5D</key>
		<dict>
			<key>buildActionMask</key>
			<string>2147483647</string>
			<key>files</key>
			<array/>
			<key>inputPaths</key>
			<array/>
			<key>isa</key>
			<string>PBXShellScriptBuildPhase</string>
			<key>name</key>
			<string>Copy Pods Resources</string>
			<key>outputPaths</key>
			<array/>
			<key>runOnlyForDeploymentPostprocessing</key>
			<string>0</string>
			<key>shellPath</key>
			<string>/bin/sh</string>
			<key>shellScript</key>
			<string>"${SRCROOT}/Pods/Pods-resources.sh"
</string>
			<key>showEnvVarsInLog</key>
			<string>0</string>
		</dict>
		<key>7A9CBF0FAF9A45ABB2ED66A5</key>
		<dict>
			<key>includeInIndex</key>
			<string>1</string>
			<key>isa</key>
			<string>PBXFileReference</string>
			<key>lastKnownFileType</key>
			<string>text.xcconfig</string>
			<key>name</key>
			<string>Pods.xcconfig</string>
			<key>path</key>
			<string>Pods/Pods.xcconfig</string>
			<key>sourceTree</key>
			<string>&lt;group&gt;</string>
		</dict>
		<key>9262B32F1863519E0062F39D</key>
		<dict>
			<key>fileEncoding</key>
			<string>4</string>
			<key>isa</key>
			<string>PBXFileReference</string>
			<key>lastKnownFileType</key>
			<string>sourcecode.c.h</string>
			<key>path</key>
			<string>File.h</string>
			<key>sourceTree</key>
			<string>&lt;group&gt;</string>
		</dict>
		<key>9262B3301863519E0062F39D</key>
		<dict>
			<key>fileEncoding</key>
			<string>4</string>
			<key>isa</key>
			<string>PBXFileReference</string>
			<key>lastKnownFileType</key>
			<string>sourcecode.c.objc</string>
			<key>path</key>
			<string>File.m</string>
			<key>sourceTree</key>
			<string>&lt;group&gt;</string>
		</dict>
		<key>9262B3311863519E0062F39D</key>
		<dict>
			<key>fileRef</key>
			<string>9262B3301863519E0062F39D</string>
			<key>isa</key>
			<string>PBXBuildFile</string>
		</dict>
		<key>9262B332186353F60062F39D</key>
		<dict>
			<key>children</key>
			<array>
				<string>9262B3301863519E0062F39D</string>
				<string>9262B32F1863519E0062F39D</string>
			</array>
			<key>isa</key>
			<string>PBXGroup</string>
			<key>name</key>
			<string>File</string>
			<key>sourceTree</key>
			<string>&lt;group&gt;</string>
		</dict>
		<key>9262B333186356F70062F39D</key>
		<dict>
			<key>fileEncoding</key>
			<string>4</string>
			<key>isa</key>
			<string>PBXFileReference</string>
			<key>lastKnownFileType</key>
			<string>sourcecode.c.h</string>
			<key>path</key>
			<string>DisplayUnit.h</string>
			<key>sourceTree</key>
			<string>&lt;group&gt;</string>
		</dict>
		<key>9262B334186356F70062F39D</key>
		<dict>
			<key>fileEncoding</key>
			<string>4</string>
			<key>isa</key>
			<string>PBXFileReference</string>
			<key>lastKnownFileType</key>
			<string>sourcecode.c.objc</string>
			<key>path</key>
			<string>DisplayUnit.m</string>
			<key>sourceTree</key>
			<string>&lt;group&gt;</string>
		</dict>
		<key>9262B335186356F70062F39D</key>
		<dict>
			<key>fileRef</key>
			<string>9262B334186356F70062F39D</string>
			<key>isa</key>
			<string>PBXBuildFile</string>
		</dict>
		<key>9262B336186357000062F39D</key>
		<dict>
			<key>children</key>
			<array>
				<string>9262B333186356F70062F39D</string>
				<string>9262B334186356F70062F39D</string>
			</array>
			<key>isa</key>
			<string>PBXGroup</string>
			<key>name</key>
			<string>DisplayUnit</string>
			<key>sourceTree</key>
			<string>&lt;group&gt;</string>
		</dict>
		<key>92CB3B761862F5EE00FDF29C</key>
		<dict>
			<key>children</key>
			<array>
				<string>92CB3B881862F5EE00FDF29C</string>
				<string>92CB3BAD1862F5EE00FDF29C</string>
				<string>92CB3B811862F5EE00FDF29C</string>
				<string>92CB3B801862F5EE00FDF29C</string>
				<string>7A9CBF0FAF9A45ABB2ED66A5</string>
			</array>
			<key>isa</key>
			<string>PBXGroup</string>
			<key>sourceTree</key>
			<string>&lt;group&gt;</string>
		</dict>
		<key>92CB3B771862F5EE00FDF29C</key>
		<dict>
			<key>attributes</key>
			<dict>
				<key>LastUpgradeCheck</key>
				<string>0500</string>
				<key>ORGANIZATIONNAME</key>
				<string>mgarciaibanez</string>
				<key>TargetAttributes</key>
				<dict>
					<key>92CB3BA51862F5EE00FDF29C</key>
					<dict>
						<key>TestTargetID</key>
						<string>92CB3B7E1862F5EE00FDF29C</string>
					</dict>
				</dict>
			</dict>
			<key>buildConfigurationList</key>
			<string>92CB3B7A1862F5EE00FDF29C</string>
			<key>compatibilityVersion</key>
			<string>Xcode 3.2</string>
			<key>developmentRegion</key>
			<string>English</string>
			<key>hasScannedForEncodings</key>
			<string>0</string>
			<key>isa</key>
			<string>PBXProject</string>
			<key>knownRegions</key>
			<array>
				<string>en</string>
				<string>Base</string>
			</array>
			<key>mainGroup</key>
			<string>92CB3B761862F5EE00FDF29C</string>
			<key>productRefGroup</key>
			<string>92CB3B801862F5EE00FDF29C</string>
			<key>projectDirPath</key>
			<string></string>
			<key>projectReferences</key>
			<array/>
			<key>projectRoot</key>
			<string></string>
			<key>targets</key>
			<array>
				<string>92CB3B7E1862F5EE00FDF29C</string>
				<string>92CB3BA51862F5EE00FDF29C</string>
			</array>
		</dict>
		<key>92CB3B7A1862F5EE00FDF29C</key>
		<dict>
			<key>buildConfigurations</key>
			<array>
				<string>92CB3BB51862F5EE00FDF29C</string>
				<string>92CB3BB61862F5EE00FDF29C</string>
			</array>
			<key>defaultConfigurationIsVisible</key>
			<string>0</string>
			<key>defaultConfigurationName</key>
			<string>Release</string>
			<key>isa</key>
			<string>XCConfigurationList</string>
		</dict>
		<key>92CB3B7B1862F5EE00FDF29C</key>
		<dict>
			<key>buildActionMask</key>
			<string>2147483647</string>
			<key>files</key>
			<array>
				<string>9262B3311863519E0062F39D</string>
				<string>92CB3B931862F5EE00FDF29C</string>
				<string>92CB3B9C1862F5EE00FDF29C</string>
				<string>92CB3B8F1862F5EE00FDF29C</string>
				<string>9262B335186356F70062F39D</string>
				<string>92CB3B9F1862F5EE00FDF29C</string>
			</array>
			<key>isa</key>
			<string>PBXSourcesBuildPhase</string>
			<key>runOnlyForDeploymentPostprocessing</key>
			<string>0</string>
		</dict>
		<key>92CB3B7C1862F5EE00FDF29C</key>
		<dict>
			<key>buildActionMask</key>
			<string>2147483647</string>
			<key>files</key>
			<array>
				<string>92CB3B851862F5EE00FDF29C</string>
				<string>92CB3B871862F5EE00FDF29C</string>
				<string>92CB3B831862F5EE00FDF29C</string>
				<string>F6F2441CD0594752A645C957</string>
			</array>
			<key>isa</key>
			<string>PBXFrameworksBuildPhase</string>
			<key>runOnlyForDeploymentPostprocessing</key>
			<string>0</string>
		</dict>
		<key>92CB3B7D1862F5EE00FDF29C</key>
		<dict>
			<key>buildActionMask</key>
			<string>2147483647</string>
			<key>files</key>
			<array>
				<string>92CB3B991862F5EE00FDF29C</string>
				<string>92CB3BA11862F5EE00FDF29C</string>
				<string>92CB3B961862F5EE00FDF29C</string>
				<string>92CB3B8D1862F5EE00FDF29C</string>
			</array>
			<key>isa</key>
			<string>PBXResourcesBuildPhase</string>
			<key>runOnlyForDeploymentPostprocessing</key>
			<string>0</string>
		</dict>
		<key>92CB3B7E1862F5EE00FDF29C</key>
		<dict>
			<key>buildConfigurationList</key>
			<string>92CB3BB71862F5EE00FDF29C</string>
			<key>buildPhases</key>
			<array>
				<string>3FC923D90E2F41FFB7D930E7</string>
				<string>92CB3B7B1862F5EE00FDF29C</string>
				<string>92CB3B7C1862F5EE00FDF29C</string>
				<string>92CB3B7D1862F5EE00FDF29C</string>
				<string>5D4CDE29462342A790B5BD5D</string>
			</array>
			<key>buildRules</key>
			<array/>
			<key>dependencies</key>
			<array/>
			<key>isa</key>
			<string>PBXNativeTarget</string>
			<key>name</key>
			<string>MasterDetailApp</string>
			<key>productName</key>
			<string>MasterDetailApp</string>
			<key>productReference</key>
			<string>92CB3B7F1862F5EE00FDF29C</string>
			<key>productType</key>
			<string>com.apple.product-type.application</string>
		</dict>
		<key>92CB3B7F1862F5EE00FDF29C</key>
		<dict>
			<key>explicitFileType</key>
			<string>wrapper.application</string>
			<key>includeInIndex</key>
			<string>0</string>
			<key>isa</key>
			<string>PBXFileReference</string>
			<key>path</key>
			<string>MasterDetailApp.app</string>
			<key>sourceTree</key>
			<string>BUILT_PRODUCTS_DIR</string>
		</dict>
		<key>92CB3B801862F5EE00FDF29C</key>
		<dict>
			<key>children</key>
			<array>
				<string>92CB3B7F1862F5EE00FDF29C</string>
				<string>92CB3BA61862F5EE00FDF29C</string>
			</array>
			<key>isa</key>
			<string>PBXGroup</string>
			<key>name</key>
			<string>Products</string>
			<key>sourceTree</key>
			<string>&lt;group&gt;</string>
		</dict>
		<key>92CB3B811862F5EE00FDF29C</key>
		<dict>
			<key>children</key>
			<array>
				<string>92CB3B821862F5EE00FDF29C</string>
				<string>92CB3B841862F5EE00FDF29C</string>
				<string>92CB3B861862F5EE00FDF29C</string>
				<string>92CB3BA71862F5EE00FDF29C</string>
				<string>E7D8F519FB7344FA9CD46D9A</string>
			</array>
			<key>isa</key>
			<string>PBXGroup</string>
			<key>name</key>
			<string>Frameworks</string>
			<key>sourceTree</key>
			<string>&lt;group&gt;</string>
		</dict>
		<key>92CB3B821862F5EE00FDF29C</key>
		<dict>
			<key>isa</key>
			<string>PBXFileReference</string>
			<key>lastKnownFileType</key>
			<string>wrapper.framework</string>
			<key>name</key>
			<string>Foundation.framework</string>
			<key>path</key>
			<string>System/Library/Frameworks/Foundation.framework</string>
			<key>sourceTree</key>
			<string>SDKROOT</string>
		</dict>
		<key>92CB3B831862F5EE00FDF29C</key>
		<dict>
			<key>fileRef</key>
			<string>92CB3B821862F5EE00FDF29C</string>
			<key>isa</key>
			<string>PBXBuildFile</string>
		</dict>
		<key>92CB3B841862F5EE00FDF29C</key>
		<dict>
			<key>isa</key>
			<string>PBXFileReference</string>
			<key>lastKnownFileType</key>
			<string>wrapper.framework</string>
			<key>name</key>
			<string>CoreGraphics.framework</string>
			<key>path</key>
			<string>System/Library/Frameworks/CoreGraphics.framework</string>
			<key>sourceTree</key>
			<string>SDKROOT</string>
		</dict>
		<key>92CB3B851862F5EE00FDF29C</key>
		<dict>
			<key>fileRef</key>
			<string>92CB3B841862F5EE00FDF29C</string>
			<key>isa</key>
			<string>PBXBuildFile</string>
		</dict>
		<key>92CB3B861862F5EE00FDF29C</key>
		<dict>
			<key>isa</key>
			<string>PBXFileReference</string>
			<key>lastKnownFileType</key>
			<string>wrapper.framework</string>
			<key>name</key>
			<string>UIKit.framework</string>
			<key>path</key>
			<string>System/Library/Frameworks/UIKit.framework</string>
			<key>sourceTree</key>
			<string>SDKROOT</string>
		</dict>
		<key>92CB3B871862F5EE00FDF29C</key>
		<dict>
			<key>fileRef</key>
			<string>92CB3B861862F5EE00FDF29C</string>
			<key>isa</key>
			<string>PBXBuildFile</string>
		</dict>
		<key>92CB3B881862F5EE00FDF29C</key>
		<dict>
			<key>children</key>
			<array>
				<string>92CB3B911862F5EE00FDF29C</string>
				<string>92CB3B921862F5EE00FDF29C</string>
				<string>92CB3B941862F5EE00FDF29C</string>
				<string>92CB3B971862F5EE00FDF29C</string>
				<string>92CB3B9A1862F5EE00FDF29C</string>
				<string>92CB3B9B1862F5EE00FDF29C</string>
				<string>92CB3B9D1862F5EE00FDF29C</string>
				<string>92CB3B9E1862F5EE00FDF29C</string>
				<string>92CB3BA01862F5EE00FDF29C</string>
				<string>92CB3B891862F5EE00FDF29C</string>
				<string>9262B332186353F60062F39D</string>
				<string>9262B336186357000062F39D</string>
			</array>
			<key>isa</key>
			<string>PBXGroup</string>
			<key>path</key>
			<string>MasterDetailApp</string>
			<key>sourceTree</key>
			<string>&lt;group&gt;</string>
		</dict>
		<key>92CB3B891862F5EE00FDF29C</key>
		<dict>
			<key>children</key>
			<array>
				<string>92CB3B8A1862F5EE00FDF29C</string>
				<string>92CB3B8B1862F5EE00FDF29C</string>
				<string>92CB3B8E1862F5EE00FDF29C</string>
				<string>92CB3B901862F5EE00FDF29C</string>
			</array>
			<key>isa</key>
			<string>PBXGroup</string>
			<key>name</key>
			<string>Supporting Files</string>
			<key>sourceTree</key>
			<string>&lt;group&gt;</string>
		</dict>
		<key>92CB3B8A1862F5EE00FDF29C</key>
		<dict>
			<key>isa</key>
			<string>PBXFileReference</string>
			<key>lastKnownFileType</key>
			<string>text.plist.xml</string>
			<key>path</key>
			<string>MasterDetailApp-Info.plist</string>
			<key>sourceTree</key>
			<string>&lt;group&gt;</string>
		</dict>
		<key>92CB3B8B1862F5EE00FDF29C</key>
		<dict>
			<key>children</key>
			<array>
				<string>92CB3B8C1862F5EE00FDF29C</string>
			</array>
			<key>isa</key>
			<string>PBXVariantGroup</string>
			<key>name</key>
			<string>InfoPlist.strings</string>
			<key>sourceTree</key>
			<string>&lt;group&gt;</string>
		</dict>
		<key>92CB3B8C1862F5EE00FDF29C</key>
		<dict>
			<key>isa</key>
			<string>PBXFileReference</string>
			<key>lastKnownFileType</key>
			<string>text.plist.strings</string>
			<key>name</key>
			<string>en</string>
			<key>path</key>
			<string>en.lproj/InfoPlist.strings</string>
			<key>sourceTree</key>
			<string>&lt;group&gt;</string>
		</dict>
		<key>92CB3B8D1862F5EE00FDF29C</key>
		<dict>
			<key>fileRef</key>
			<string>92CB3B8B1862F5EE00FDF29C</string>
			<key>isa</key>
			<string>PBXBuildFile</string>
		</dict>
		<key>92CB3B8E1862F5EE00FDF29C</key>
		<dict>
			<key>isa</key>
			<string>PBXFileReference</string>
			<key>lastKnownFileType</key>
			<string>sourcecode.c.objc</string>
			<key>path</key>
			<string>main.m</string>
			<key>sourceTree</key>
			<string>&lt;group&gt;</string>
		</dict>
		<key>92CB3B8F1862F5EE00FDF29C</key>
		<dict>
			<key>fileRef</key>
			<string>92CB3B8E1862F5EE00FDF29C</string>
			<key>isa</key>
			<string>PBXBuildFile</string>
		</dict>
		<key>92CB3B901862F5EE00FDF29C</key>
		<dict>
			<key>isa</key>
			<string>PBXFileReference</string>
			<key>lastKnownFileType</key>
			<string>sourcecode.c.h</string>
			<key>path</key>
			<string>MasterDetailApp-Prefix.pch</string>
			<key>sourceTree</key>
			<string>&lt;group&gt;</string>
		</dict>
		<key>92CB3B911862F5EE00FDF29C</key>
		<dict>
			<key>isa</key>
			<string>PBXFileReference</string>
			<key>lastKnownFileType</key>
			<string>sourcecode.c.h</string>
			<key>path</key>
			<string>AppDelegate.h</string>
			<key>sourceTree</key>
			<string>&lt;group&gt;</string>
		</dict>
		<key>92CB3B921862F5EE00FDF29C</key>
		<dict>
			<key>isa</key>
			<string>PBXFileReference</string>
			<key>lastKnownFileType</key>
			<string>sourcecode.c.objc</string>
			<key>path</key>
			<string>AppDelegate.m</string>
			<key>sourceTree</key>
			<string>&lt;group&gt;</string>
		</dict>
		<key>92CB3B931862F5EE00FDF29C</key>
		<dict>
			<key>fileRef</key>
			<string>92CB3B921862F5EE00FDF29C</string>
			<key>isa</key>
			<string>PBXBuildFile</string>
		</dict>
		<key>92CB3B941862F5EE00FDF29C</key>
		<dict>
			<key>children</key>
			<array>
				<string>92CB3B951862F5EE00FDF29C</string>
			</array>
			<key>isa</key>
			<string>PBXVariantGroup</string>
			<key>name</key>
			<string>Main_iPhone.storyboard</string>
			<key>sourceTree</key>
			<string>&lt;group&gt;</string>
		</dict>
		<key>92CB3B951862F5EE00FDF29C</key>
		<dict>
			<key>isa</key>
			<string>PBXFileReference</string>
			<key>lastKnownFileType</key>
			<string>file.storyboard</string>
			<key>name</key>
			<string>Base</string>
			<key>path</key>
			<string>Base.lproj/Main_iPhone.storyboard</string>
			<key>sourceTree</key>
			<string>&lt;group&gt;</string>
		</dict>
		<key>92CB3B961862F5EE00FDF29C</key>
		<dict>
			<key>fileRef</key>
			<string>92CB3B941862F5EE00FDF29C</string>
			<key>isa</key>
			<string>PBXBuildFile</string>
		</dict>
		<key>92CB3B971862F5EE00FDF29C</key>
		<dict>
			<key>children</key>
			<array>
				<string>92CB3B981862F5EE00FDF29C</string>
			</array>
			<key>isa</key>
			<string>PBXVariantGroup</string>
			<key>name</key>
			<string>Main_iPad.storyboard</string>
			<key>sourceTree</key>
			<string>&lt;group&gt;</string>
		</dict>
		<key>92CB3B981862F5EE00FDF29C</key>
		<dict>
			<key>isa</key>
			<string>PBXFileReference</string>
			<key>lastKnownFileType</key>
			<string>file.storyboard</string>
			<key>name</key>
			<string>Base</string>
			<key>path</key>
			<string>Base.lproj/Main_iPad.storyboard</string>
			<key>sourceTree</key>
			<string>&lt;group&gt;</string>
		</dict>
		<key>92CB3B991862F5EE00FDF29C</key>
		<dict>
			<key>fileRef</key>
			<string>92CB3B971862F5EE00FDF29C</string>
			<key>isa</key>
			<string>PBXBuildFile</string>
		</dict>
		<key>92CB3B9A1862F5EE00FDF29C</key>
		<dict>
			<key>isa</key>
			<string>PBXFileReference</string>
			<key>lastKnownFileType</key>
			<string>sourcecode.c.h</string>
			<key>path</key>
			<string>MasterViewController.h</string>
			<key>sourceTree</key>
			<string>&lt;group&gt;</string>
		</dict>
		<key>92CB3B9B1862F5EE00FDF29C</key>
		<dict>
			<key>isa</key>
			<string>PBXFileReference</string>
			<key>lastKnownFileType</key>
			<string>sourcecode.c.objc</string>
			<key>path</key>
			<string>MasterViewController.m</string>
			<key>sourceTree</key>
			<string>&lt;group&gt;</string>
		</dict>
		<key>92CB3B9C1862F5EE00FDF29C</key>
		<dict>
			<key>fileRef</key>
			<string>92CB3B9B1862F5EE00FDF29C</string>
			<key>isa</key>
			<string>PBXBuildFile</string>
		</dict>
		<key>92CB3B9D1862F5EE00FDF29C</key>
		<dict>
			<key>isa</key>
			<string>PBXFileReference</string>
			<key>lastKnownFileType</key>
			<string>sourcecode.c.h</string>
			<key>path</key>
			<string>DetailViewController.h</string>
			<key>sourceTree</key>
			<string>&lt;group&gt;</string>
		</dict>
		<key>92CB3B9E1862F5EE00FDF29C</key>
		<dict>
			<key>isa</key>
			<string>PBXFileReference</string>
			<key>lastKnownFileType</key>
			<string>sourcecode.c.objc</string>
			<key>path</key>
			<string>DetailViewController.m</string>
			<key>sourceTree</key>
			<string>&lt;group&gt;</string>
		</dict>
		<key>92CB3B9F1862F5EE00FDF29C</key>
		<dict>
			<key>fileRef</key>
			<string>92CB3B9E1862F5EE00FDF29C</string>
			<key>isa</key>
			<string>PBXBuildFile</string>
		</dict>
		<key>92CB3BA01862F5EE00FDF29C</key>
		<dict>
			<key>isa</key>
			<string>PBXFileReference</string>
			<key>lastKnownFileType</key>
			<string>folder.assetcatalog</string>
			<key>path</key>
			<string>Images.xcassets</string>
			<key>sourceTree</key>
			<string>&lt;group&gt;</string>
		</dict>
		<key>92CB3BA11862F5EE00FDF29C</key>
		<dict>
			<key>fileRef</key>
			<string>92CB3BA01862F5EE00FDF29C</string>
			<key>isa</key>
			<string>PBXBuildFile</string>
		</dict>
		<key>92CB3BA21862F5EE00FDF29C</key>
		<dict>
			<key>buildActionMask</key>
			<string>2147483647</string>
			<key>files</key>
			<array>
				<string>92CB3BB41862F5EE00FDF29C</string>
			</array>
			<key>isa</key>
			<string>PBXSourcesBuildPhase</string>
			<key>runOnlyForDeploymentPostprocessing</key>
			<string>0</string>
		</dict>
		<key>92CB3BA31862F5EE00FDF29C</key>
		<dict>
			<key>buildActionMask</key>
			<string>2147483647</string>
			<key>files</key>
			<array>
				<string>92CB3BA81862F5EE00FDF29C</string>
				<string>92CB3BAA1862F5EE00FDF29C</string>
				<string>92CB3BA91862F5EE00FDF29C</string>
			</array>
			<key>isa</key>
			<string>PBXFrameworksBuildPhase</string>
			<key>runOnlyForDeploymentPostprocessing</key>
			<string>0</string>
		</dict>
		<key>92CB3BA41862F5EE00FDF29C</key>
		<dict>
			<key>buildActionMask</key>
			<string>2147483647</string>
			<key>files</key>
			<array>
				<string>92CB3BB21862F5EE00FDF29C</string>
			</array>
			<key>isa</key>
			<string>PBXResourcesBuildPhase</string>
			<key>runOnlyForDeploymentPostprocessing</key>
			<string>0</string>
		</dict>
		<key>92CB3BA51862F5EE00FDF29C</key>
		<dict>
			<key>buildConfigurationList</key>
			<string>92CB3BBA1862F5EE00FDF29C</string>
			<key>buildPhases</key>
			<array>
				<string>92CB3BA21862F5EE00FDF29C</string>
				<string>92CB3BA31862F5EE00FDF29C</string>
				<string>92CB3BA41862F5EE00FDF29C</string>
			</array>
			<key>buildRules</key>
			<array/>
			<key>dependencies</key>
			<array>
				<string>92CB3BAC1862F5EE00FDF29C</string>
			</array>
			<key>isa</key>
			<string>PBXNativeTarget</string>
			<key>name</key>
			<string>MasterDetailAppTests</string>
			<key>productName</key>
			<string>MasterDetailAppTests</string>
			<key>productReference</key>
			<string>92CB3BA61862F5EE00FDF29C</string>
			<key>productType</key>
			<string>com.apple.product-type.bundle.unit-test</string>
		</dict>
		<key>92CB3BA61862F5EE00FDF29C</key>
		<dict>
			<key>explicitFileType</key>
			<string>wrapper.cfbundle</string>
			<key>includeInIndex</key>
			<string>0</string>
			<key>isa</key>
			<string>PBXFileReference</string>
			<key>path</key>
			<string>MasterDetailAppTests.xctest</string>
			<key>sourceTree</key>
			<string>BUILT_PRODUCTS_DIR</string>
		</dict>
		<key>92CB3BA71862F5EE00FDF29C</key>
		<dict>
			<key>isa</key>
			<string>PBXFileReference</string>
			<key>lastKnownFileType</key>
			<string>wrapper.framework</string>
			<key>name</key>
			<string>XCTest.framework</string>
			<key>path</key>
			<string>Library/Frameworks/XCTest.framework</string>
			<key>sourceTree</key>
			<string>DEVELOPER_DIR</string>
		</dict>
		<key>92CB3BA81862F5EE00FDF29C</key>
		<dict>
			<key>fileRef</key>
			<string>92CB3BA71862F5EE00FDF29C</string>
			<key>isa</key>
			<string>PBXBuildFile</string>
		</dict>
		<key>92CB3BA91862F5EE00FDF29C</key>
		<dict>
			<key>fileRef</key>
			<string>92CB3B821862F5EE00FDF29C</string>
			<key>isa</key>
			<string>PBXBuildFile</string>
		</dict>
		<key>92CB3BAA1862F5EE00FDF29C</key>
		<dict>
			<key>fileRef</key>
			<string>92CB3B861862F5EE00FDF29C</string>
			<key>isa</key>
			<string>PBXBuildFile</string>
		</dict>
		<key>92CB3BAB1862F5EE00FDF29C</key>
		<dict>
			<key>containerPortal</key>
			<string>92CB3B771862F5EE00FDF29C</string>
			<key>isa</key>
			<string>PBXContainerItemProxy</string>
			<key>proxyType</key>
			<string>1</string>
			<key>remoteGlobalIDString</key>
			<string>92CB3B7E1862F5EE00FDF29C</string>
			<key>remoteInfo</key>
			<string>MasterDetailApp</string>
		</dict>
		<key>92CB3BAC1862F5EE00FDF29C</key>
		<dict>
			<key>isa</key>
			<string>PBXTargetDependency</string>
			<key>target</key>
			<string>92CB3B7E1862F5EE00FDF29C</string>
			<key>targetProxy</key>
			<string>92CB3BAB1862F5EE00FDF29C</string>
		</dict>
		<key>92CB3BAD1862F5EE00FDF29C</key>
		<dict>
			<key>children</key>
			<array>
				<string>92CB3BB31862F5EE00FDF29C</string>
				<string>92CB3BAE1862F5EE00FDF29C</string>
			</array>
			<key>isa</key>
			<string>PBXGroup</string>
			<key>path</key>
			<string>MasterDetailAppTests</string>
			<key>sourceTree</key>
			<string>&lt;group&gt;</string>
		</dict>
		<key>92CB3BAE1862F5EE00FDF29C</key>
		<dict>
			<key>children</key>
			<array>
				<string>92CB3BAF1862F5EE00FDF29C</string>
				<string>92CB3BB01862F5EE00FDF29C</string>
			</array>
			<key>isa</key>
			<string>PBXGroup</string>
			<key>name</key>
			<string>Supporting Files</string>
			<key>sourceTree</key>
			<string>&lt;group&gt;</string>
		</dict>
		<key>92CB3BAF1862F5EE00FDF29C</key>
		<dict>
			<key>isa</key>
			<string>PBXFileReference</string>
			<key>lastKnownFileType</key>
			<string>text.plist.xml</string>
			<key>path</key>
			<string>MasterDetailAppTests-Info.plist</string>
			<key>sourceTree</key>
			<string>&lt;group&gt;</string>
		</dict>
		<key>92CB3BB01862F5EE00FDF29C</key>
		<dict>
			<key>children</key>
			<array>
				<string>92CB3BB11862F5EE00FDF29C</string>
			</array>
			<key>isa</key>
			<string>PBXVariantGroup</string>
			<key>name</key>
			<string>InfoPlist.strings</string>
			<key>sourceTree</key>
			<string>&lt;group&gt;</string>
		</dict>
		<key>92CB3BB11862F5EE00FDF29C</key>
		<dict>
			<key>isa</key>
			<string>PBXFileReference</string>
			<key>lastKnownFileType</key>
			<string>text.plist.strings</string>
			<key>name</key>
			<string>en</string>
			<key>path</key>
			<string>en.lproj/InfoPlist.strings</string>
			<key>sourceTree</key>
			<string>&lt;group&gt;</string>
		</dict>
		<key>92CB3BB21862F5EE00FDF29C</key>
		<dict>
			<key>fileRef</key>
			<string>92CB3BB01862F5EE00FDF29C</string>
			<key>isa</key>
			<string>PBXBuildFile</string>
		</dict>
		<key>92CB3BB31862F5EE00FDF29C</key>
		<dict>
			<key>isa</key>
			<string>PBXFileReference</string>
			<key>lastKnownFileType</key>
			<string>sourcecode.c.objc</string>
			<key>path</key>
			<string>MasterDetailAppTests.m</string>
			<key>sourceTree</key>
			<string>&lt;group&gt;</string>
		</dict>
		<key>92CB3BB41862F5EE00FDF29C</key>
		<dict>
			<key>fileRef</key>
			<string>92CB3BB31862F5EE00FDF29C</string>
			<key>isa</key>
			<string>PBXBuildFile</string>
		</dict>
		<key>92CB3BB51862F5EE00FDF29C</key>
		<dict>
			<key>buildSettings</key>
			<dict>
				<key>ALWAYS_SEARCH_USER_PATHS</key>
				<string>NO</string>
				<key>ARCHS</key>
				<string>$(ARCHS_STANDARD_INCLUDING_64_BIT)</string>
				<key>CLANG_CXX_LANGUAGE_STANDARD</key>
				<string>gnu++0x</string>
				<key>CLANG_CXX_LIBRARY</key>
				<string>libc++</string>
				<key>CLANG_ENABLE_MODULES</key>
				<string>YES</string>
				<key>CLANG_ENABLE_OBJC_ARC</key>
				<string>YES</string>
				<key>CLANG_WARN_BOOL_CONVERSION</key>
				<string>YES</string>
				<key>CLANG_WARN_CONSTANT_CONVERSION</key>
				<string>YES</string>
				<key>CLANG_WARN_DIRECT_OBJC_ISA_USAGE</key>
				<string>YES_ERROR</string>
				<key>CLANG_WARN_EMPTY_BODY</key>
				<string>YES</string>
				<key>CLANG_WARN_ENUM_CONVERSION</key>
				<string>YES</string>
				<key>CLANG_WARN_INT_CONVERSION</key>
				<string>YES</string>
				<key>CLANG_WARN_OBJC_ROOT_CLASS</key>
				<string>YES_ERROR</string>
				<key>CLANG_WARN__DUPLICATE_METHOD_MATCH</key>
				<string>YES</string>
				<key>CODE_SIGN_IDENTITY[sdk=iphoneos*]</key>
				<string>iPhone Developer</string>
				<key>COPY_PHASE_STRIP</key>
				<string>NO</string>
				<key>GCC_C_LANGUAGE_STANDARD</key>
				<string>gnu99</string>
				<key>GCC_DYNAMIC_NO_PIC</key>
				<string>NO</string>
				<key>GCC_OPTIMIZATION_LEVEL</key>
				<string>0</string>
				<key>GCC_PREPROCESSOR_DEFINITIONS</key>
				<array>
					<string>DEBUG=1</string>
					<string>$(inherited)</string>
				</array>
				<key>GCC_SYMBOLS_PRIVATE_EXTERN</key>
				<string>NO</string>
				<key>GCC_WARN_64_TO_32_BIT_CONVERSION</key>
				<string>YES</string>
				<key>GCC_WARN_ABOUT_RETURN_TYPE</key>
				<string>YES_ERROR</string>
				<key>GCC_WARN_UNDECLARED_SELECTOR</key>
				<string>YES</string>
				<key>GCC_WARN_UNINITIALIZED_AUTOS</key>
				<string>YES</string>
				<key>GCC_WARN_UNUSED_FUNCTION</key>
				<string>YES</string>
				<key>GCC_WARN_UNUSED_VARIABLE</key>
				<string>YES</string>
				<key>IPHONEOS_DEPLOYMENT_TARGET</key>
				<string>7.0</string>
				<key>ONLY_ACTIVE_ARCH</key>
				<string>YES</string>
				<key>SDKROOT</key>
				<string>iphoneos</string>
				<key>TARGETED_DEVICE_FAMILY</key>
				<string>1,2</string>
			</dict>
			<key>isa</key>
			<string>XCBuildConfiguration</string>
			<key>name</key>
			<string>Debug</string>
		</dict>
		<key>92CB3BB61862F5EE00FDF29C</key>
		<dict>
			<key>buildSettings</key>
			<dict>
				<key>ALWAYS_SEARCH_USER_PATHS</key>
				<string>NO</string>
				<key>ARCHS</key>
				<string>$(ARCHS_STANDARD_INCLUDING_64_BIT)</string>
				<key>CLANG_CXX_LANGUAGE_STANDARD</key>
				<string>gnu++0x</string>
				<key>CLANG_CXX_LIBRARY</key>
				<string>libc++</string>
				<key>CLANG_ENABLE_MODULES</key>
				<string>YES</string>
				<key>CLANG_ENABLE_OBJC_ARC</key>
				<string>YES</string>
				<key>CLANG_WARN_BOOL_CONVERSION</key>
				<string>YES</string>
				<key>CLANG_WARN_CONSTANT_CONVERSION</key>
				<string>YES</string>
				<key>CLANG_WARN_DIRECT_OBJC_ISA_USAGE</key>
				<string>YES_ERROR</string>
				<key>CLANG_WARN_EMPTY_BODY</key>
				<string>YES</string>
				<key>CLANG_WARN_ENUM_CONVERSION</key>
				<string>YES</string>
				<key>CLANG_WARN_INT_CONVERSION</key>
				<string>YES</string>
				<key>CLANG_WARN_OBJC_ROOT_CLASS</key>
				<string>YES_ERROR</string>
				<key>CLANG_WARN__DUPLICATE_METHOD_MATCH</key>
				<string>YES</string>
				<key>CODE_SIGN_IDENTITY[sdk=iphoneos*]</key>
				<string>iPhone Developer</string>
				<key>COPY_PHASE_STRIP</key>
				<string>YES</string>
				<key>ENABLE_NS_ASSERTIONS</key>
				<string>NO</string>
				<key>GCC_C_LANGUAGE_STANDARD</key>
				<string>gnu99</string>
				<key>GCC_WARN_64_TO_32_BIT_CONVERSION</key>
				<string>YES</string>
				<key>GCC_WARN_ABOUT_RETURN_TYPE</key>
				<string>YES_ERROR</string>
				<key>GCC_WARN_UNDECLARED_SELECTOR</key>
				<string>YES</string>
				<key>GCC_WARN_UNINITIALIZED_AUTOS</key>
				<string>YES</string>
				<key>GCC_WARN_UNUSED_FUNCTION</key>
				<string>YES</string>
				<key>GCC_WARN_UNUSED_VARIABLE</key>
				<string>YES</string>
				<key>IPHONEOS_DEPLOYMENT_TARGET</key>
				<string>7.0</string>
				<key>SDKROOT</key>
				<string>iphoneos</string>
				<key>TARGETED_DEVICE_FAMILY</key>
				<string>1,2</string>
				<key>VALIDATE_PRODUCT</key>
				<string>YES</string>
			</dict>
			<key>isa</key>
			<string>XCBuildConfiguration</string>
			<key>name</key>
			<string>Release</string>
		</dict>
		<key>92CB3BB71862F5EE00FDF29C</key>
		<dict>
			<key>buildConfigurations</key>
			<array>
				<string>92CB3BB81862F5EE00FDF29C</string>
				<string>92CB3BB91862F5EE00FDF29C</string>
			</array>
			<key>defaultConfigurationIsVisible</key>
			<string>0</string>
			<key>defaultConfigurationName</key>
			<string>Release</string>
			<key>isa</key>
			<string>XCConfigurationList</string>
		</dict>
		<key>92CB3BB81862F5EE00FDF29C</key>
		<dict>
			<key>baseConfigurationReference</key>
			<string>7A9CBF0FAF9A45ABB2ED66A5</string>
			<key>buildSettings</key>
			<dict>
				<key>ASSETCATALOG_COMPILER_APPICON_NAME</key>
				<string>AppIcon</string>
				<key>ASSETCATALOG_COMPILER_LAUNCHIMAGE_NAME</key>
				<string>LaunchImage</string>
				<key>GCC_PRECOMPILE_PREFIX_HEADER</key>
				<string>YES</string>
				<key>GCC_PREFIX_HEADER</key>
				<string>MasterDetailApp/MasterDetailApp-Prefix.pch</string>
				<key>INFOPLIST_FILE</key>
				<string>MasterDetailApp/MasterDetailApp-Info.plist</string>
				<key>PRODUCT_NAME</key>
				<string>$(TARGET_NAME)</string>
				<key>WRAPPER_EXTENSION</key>
				<string>app</string>
			</dict>
			<key>isa</key>
			<string>XCBuildConfiguration</string>
			<key>name</key>
			<string>Debug</string>
		</dict>
		<key>92CB3BB91862F5EE00FDF29C</key>
		<dict>
			<key>baseConfigurationReference</key>
			<string>7A9CBF0FAF9A45ABB2ED66A5</string>
			<key>buildSettings</key>
			<dict>
				<key>ASSETCATALOG_COMPILER_APPICON_NAME</key>
				<string>AppIcon</string>
				<key>ASSETCATALOG_COMPILER_LAUNCHIMAGE_NAME</key>
				<string>LaunchImage</string>
				<key>GCC_PRECOMPILE_PREFIX_HEADER</key>
				<string>YES</string>
				<key>GCC_PREFIX_HEADER</key>
				<string>MasterDetailApp/MasterDetailApp-Prefix.pch</string>
				<key>INFOPLIST_FILE</key>
				<string>MasterDetailApp/MasterDetailApp-Info.plist</string>
				<key>PRODUCT_NAME</key>
				<string>$(TARGET_NAME)</string>
				<key>WRAPPER_EXTENSION</key>
				<string>app</string>
			</dict>
			<key>isa</key>
			<string>XCBuildConfiguration</string>
			<key>name</key>
			<string>Release</string>
		</dict>
		<key>92CB3BBA1862F5EE00FDF29C</key>
		<dict>
			<key>buildConfigurations</key>
			<array>
				<string>92CB3BBB1862F5EE00FDF29C</string>
				<string>92CB3BBC1862F5EE00FDF29C</string>
			</array>
			<key>defaultConfigurationIsVisible</key>
			<string>0</string>
			<key>defaultConfigurationName</key>
			<string>Release</string>
			<key>isa</key>
			<string>XCConfigurationList</string>
		</dict>
		<key>92CB3BBB1862F5EE00FDF29C</key>
		<dict>
			<key>buildSettings</key>
			<dict>
				<key>ARCHS</key>
				<string>$(ARCHS_STANDARD_INCLUDING_64_BIT)</string>
				<key>BUNDLE_LOADER</key>
				<string>$(BUILT_PRODUCTS_DIR)/MasterDetailApp.app/MasterDetailApp</string>
				<key>FRAMEWORK_SEARCH_PATHS</key>
				<array>
					<string>$(SDKROOT)/Developer/Library/Frameworks</string>
					<string>$(inherited)</string>
					<string>$(DEVELOPER_FRAMEWORKS_DIR)</string>
				</array>
				<key>GCC_PRECOMPILE_PREFIX_HEADER</key>
				<string>YES</string>
				<key>GCC_PREFIX_HEADER</key>
				<string>MasterDetailApp/MasterDetailApp-Prefix.pch</string>
				<key>GCC_PREPROCESSOR_DEFINITIONS</key>
				<array>
					<string>DEBUG=1</string>
					<string>$(inherited)</string>
				</array>
				<key>INFOPLIST_FILE</key>
				<string>MasterDetailAppTests/MasterDetailAppTests-Info.plist</string>
				<key>PRODUCT_NAME</key>
				<string>$(TARGET_NAME)</string>
				<key>TEST_HOST</key>
				<string>$(BUNDLE_LOADER)</string>
				<key>WRAPPER_EXTENSION</key>
				<string>xctest</string>
			</dict>
			<key>isa</key>
			<string>XCBuildConfiguration</string>
			<key>name</key>
			<string>Debug</string>
		</dict>
		<key>92CB3BBC1862F5EE00FDF29C</key>
		<dict>
			<key>buildSettings</key>
			<dict>
				<key>ARCHS</key>
				<string>$(ARCHS_STANDARD_INCLUDING_64_BIT)</string>
				<key>BUNDLE_LOADER</key>
				<string>$(BUILT_PRODUCTS_DIR)/MasterDetailApp.app/MasterDetailApp</string>
				<key>FRAMEWORK_SEARCH_PATHS</key>
				<array>
					<string>$(SDKROOT)/Developer/Library/Frameworks</string>
					<string>$(inherited)</string>
					<string>$(DEVELOPER_FRAMEWORKS_DIR)</string>
				</array>
				<key>GCC_PRECOMPILE_PREFIX_HEADER</key>
				<string>YES</string>
				<key>GCC_PREFIX_HEADER</key>
				<string>MasterDetailApp/MasterDetailApp-Prefix.pch</string>
				<key>INFOPLIST_FILE</key>
				<string>MasterDetailAppTests/MasterDetailAppTests-Info.plist</string>
				<key>PRODUCT_NAME</key>
				<string>$(TARGET_NAME)</string>
				<key>TEST_HOST</key>
				<string>$(BUNDLE_LOADER)</string>
				<key>WRAPPER_EXTENSION</key>
				<string>xctest</string>
			</dict>
			<key>isa</key>
			<string>XCBuildConfiguration</string>
			<key>name</key>
			<string>Release</string>
		</dict>
		<key>E7D8F519FB7344FA9CD46D9A</key>
		<dict>
			<key>explicitFileType</key>
			<string>archive.ar</string>
			<key>includeInIndex</key>
			<string>0</string>
			<key>isa</key>
			<string>PBXFileReference</string>
			<key>path</key>
			<string>libPods.a</string>
			<key>sourceTree</key>
			<string>BUILT_PRODUCTS_DIR</string>
		</dict>
		<key>F6F2441CD0594752A645C957</key>
		<dict>
			<key>fileRef</key>
			<string>E7D8F519FB7344FA9CD46D9A</string>
			<key>isa</key>
			<string>PBXBuildFile</string>
		</dict>
	</dict>
	<key>rootObject</key>
	<string>92CB3B771862F5EE00FDF29C</string>
</dict>
</plist>
