// !$*UTF8*$!
{
	archiveVersion = 1;
	classes = {
	};
	objectVersion = 46;
	objects = {

/* Begin PBXBuildFile section */
		9239320D1871910B00676300 /* ApuntesyConsejos1.xml in Resources */ = {isa = PBXBuildFile; fileRef = 9239320C1871910B00676300 /* ApuntesyConsejos1.xml */; };
		923932161871D7AD00676300 /* XMLController.m in Sources */ = {isa = PBXBuildFile; fileRef = 923932151871D7AD00676300 /* XMLController.m */; };
		9262B3311863519E0062F39D /* File.m in Sources */ = {isa = PBXBuildFile; fileRef = 9262B3301863519E0062F39D /* File.m */; };
		9262B335186356F70062F39D /* DisplayUnit.m in Sources */ = {isa = PBXBuildFile; fileRef = 9262B334186356F70062F39D /* DisplayUnit.m */; };
		92B14F4B1875B82E005027D5 /* TipCell.m in Sources */ = {isa = PBXBuildFile; fileRef = 92B14F4A1875B82E005027D5 /* TipCell.m */; };
		92CB3B831862F5EE00FDF29C /* Foundation.framework in Frameworks */ = {isa = PBXBuildFile; fileRef = 92CB3B821862F5EE00FDF29C /* Foundation.framework */; };
		92CB3B851862F5EE00FDF29C /* CoreGraphics.framework in Frameworks */ = {isa = PBXBuildFile; fileRef = 92CB3B841862F5EE00FDF29C /* CoreGraphics.framework */; };
		92CB3B871862F5EE00FDF29C /* UIKit.framework in Frameworks */ = {isa = PBXBuildFile; fileRef = 92CB3B861862F5EE00FDF29C /* UIKit.framework */; };
		92CB3B8D1862F5EE00FDF29C /* InfoPlist.strings in Resources */ = {isa = PBXBuildFile; fileRef = 92CB3B8B1862F5EE00FDF29C /* InfoPlist.strings */; };
		92CB3B8F1862F5EE00FDF29C /* main.m in Sources */ = {isa = PBXBuildFile; fileRef = 92CB3B8E1862F5EE00FDF29C /* main.m */; };
		92CB3B931862F5EE00FDF29C /* AppDelegate.m in Sources */ = {isa = PBXBuildFile; fileRef = 92CB3B921862F5EE00FDF29C /* AppDelegate.m */; };
		92CB3B961862F5EE00FDF29C /* Main_iPhone.storyboard in Resources */ = {isa = PBXBuildFile; fileRef = 92CB3B941862F5EE00FDF29C /* Main_iPhone.storyboard */; };
		92CB3B991862F5EE00FDF29C /* Main_iPad.storyboard in Resources */ = {isa = PBXBuildFile; fileRef = 92CB3B971862F5EE00FDF29C /* Main_iPad.storyboard */; };
		92CB3B9C1862F5EE00FDF29C /* MasterViewController.m in Sources */ = {isa = PBXBuildFile; fileRef = 92CB3B9B1862F5EE00FDF29C /* MasterViewController.m */; };
		92CB3B9F1862F5EE00FDF29C /* DetailViewController.m in Sources */ = {isa = PBXBuildFile; fileRef = 92CB3B9E1862F5EE00FDF29C /* DetailViewController.m */; };
		92CB3BA11862F5EE00FDF29C /* Images.xcassets in Resources */ = {isa = PBXBuildFile; fileRef = 92CB3BA01862F5EE00FDF29C /* Images.xcassets */; };
		92CB3BA81862F5EE00FDF29C /* XCTest.framework in Frameworks */ = {isa = PBXBuildFile; fileRef = 92CB3BA71862F5EE00FDF29C /* XCTest.framework */; };
		92CB3BA91862F5EE00FDF29C /* Foundation.framework in Frameworks */ = {isa = PBXBuildFile; fileRef = 92CB3B821862F5EE00FDF29C /* Foundation.framework */; };
		92CB3BAA1862F5EE00FDF29C /* UIKit.framework in Frameworks */ = {isa = PBXBuildFile; fileRef = 92CB3B861862F5EE00FDF29C /* UIKit.framework */; };
		92CB3BB21862F5EE00FDF29C /* InfoPlist.strings in Resources */ = {isa = PBXBuildFile; fileRef = 92CB3BB01862F5EE00FDF29C /* InfoPlist.strings */; };
		92CB3BB41862F5EE00FDF29C /* MasterDetailAppTests.m in Sources */ = {isa = PBXBuildFile; fileRef = 92CB3BB31862F5EE00FDF29C /* MasterDetailAppTests.m */; };
		F6F2441CD0594752A645C957 /* libPods.a in Frameworks */ = {isa = PBXBuildFile; fileRef = E7D8F519FB7344FA9CD46D9A /* libPods.a */; };
/* End PBXBuildFile section */

/* Begin PBXContainerItemProxy section */
		92CB3BAB1862F5EE00FDF29C /* PBXContainerItemProxy */ = {
			isa = PBXContainerItemProxy;
			containerPortal = 92CB3B771862F5EE00FDF29C /* Project object */;
			proxyType = 1;
			remoteGlobalIDString = 92CB3B7E1862F5EE00FDF29C;
			remoteInfo = MasterDetailApp;
		};
/* End PBXContainerItemProxy section */

/* Begin PBXFileReference section */
		7A9CBF0FAF9A45ABB2ED66A5 /* Pods.xcconfig */ = {isa = PBXFileReference; includeInIndex = 1; lastKnownFileType = text.xcconfig; name = Pods.xcconfig; path = Pods/Pods.xcconfig; sourceTree = "<group>"; };
		9239320C1871910B00676300 /* ApuntesyConsejos1.xml */ = {isa = PBXFileReference; fileEncoding = 4; lastKnownFileType = text.xml; path = ApuntesyConsejos1.xml; sourceTree = "<group>"; };
		923932141871D7AD00676300 /* XMLController.h */ = {isa = PBXFileReference; fileEncoding = 4; lastKnownFileType = sourcecode.c.h; path = XMLController.h; sourceTree = "<group>"; };
		923932151871D7AD00676300 /* XMLController.m */ = {isa = PBXFileReference; fileEncoding = 4; lastKnownFileType = sourcecode.c.objc; path = XMLController.m; sourceTree = "<group>"; };
		9262B32F1863519E0062F39D /* File.h */ = {isa = PBXFileReference; fileEncoding = 4; lastKnownFileType = sourcecode.c.h; path = File.h; sourceTree = "<group>"; };
		9262B3301863519E0062F39D /* File.m */ = {isa = PBXFileReference; fileEncoding = 4; lastKnownFileType = sourcecode.c.objc; path = File.m; sourceTree = "<group>"; };
		9262B333186356F70062F39D /* DisplayUnit.h */ = {isa = PBXFileReference; fileEncoding = 4; lastKnownFileType = sourcecode.c.h; path = DisplayUnit.h; sourceTree = "<group>"; };
		9262B334186356F70062F39D /* DisplayUnit.m */ = {isa = PBXFileReference; fileEncoding = 4; lastKnownFileType = sourcecode.c.objc; path = DisplayUnit.m; sourceTree = "<group>"; };
		92B14F491875B82E005027D5 /* TipCell.h */ = {isa = PBXFileReference; fileEncoding = 4; lastKnownFileType = sourcecode.c.h; path = TipCell.h; sourceTree = "<group>"; };
		92B14F4A1875B82E005027D5 /* TipCell.m */ = {isa = PBXFileReference; fileEncoding = 4; lastKnownFileType = sourcecode.c.objc; path = TipCell.m; sourceTree = "<group>"; };
		92CB3B7F1862F5EE00FDF29C /* MasterDetailApp.app */ = {isa = PBXFileReference; explicitFileType = wrapper.application; includeInIndex = 0; path = MasterDetailApp.app; sourceTree = BUILT_PRODUCTS_DIR; };
		92CB3B821862F5EE00FDF29C /* Foundation.framework */ = {isa = PBXFileReference; lastKnownFileType = wrapper.framework; name = Foundation.framework; path = System/Library/Frameworks/Foundation.framework; sourceTree = SDKROOT; };
		92CB3B841862F5EE00FDF29C /* CoreGraphics.framework */ = {isa = PBXFileReference; lastKnownFileType = wrapper.framework; name = CoreGraphics.framework; path = System/Library/Frameworks/CoreGraphics.framework; sourceTree = SDKROOT; };
		92CB3B861862F5EE00FDF29C /* UIKit.framework */ = {isa = PBXFileReference; lastKnownFileType = wrapper.framework; name = UIKit.framework; path = System/Library/Frameworks/UIKit.framework; sourceTree = SDKROOT; };
		92CB3B8A1862F5EE00FDF29C /* MasterDetailApp-Info.plist */ = {isa = PBXFileReference; lastKnownFileType = text.plist.xml; path = "MasterDetailApp-Info.plist"; sourceTree = "<group>"; };
		92CB3B8C1862F5EE00FDF29C /* en */ = {isa = PBXFileReference; lastKnownFileType = text.plist.strings; name = en; path = en.lproj/InfoPlist.strings; sourceTree = "<group>"; };
		92CB3B8E1862F5EE00FDF29C /* main.m */ = {isa = PBXFileReference; lastKnownFileType = sourcecode.c.objc; path = main.m; sourceTree = "<group>"; };
		92CB3B901862F5EE00FDF29C /* MasterDetailApp-Prefix.pch */ = {isa = PBXFileReference; lastKnownFileType = sourcecode.c.h; path = "MasterDetailApp-Prefix.pch"; sourceTree = "<group>"; };
		92CB3B911862F5EE00FDF29C /* AppDelegate.h */ = {isa = PBXFileReference; lastKnownFileType = sourcecode.c.h; path = AppDelegate.h; sourceTree = "<group>"; };
		92CB3B921862F5EE00FDF29C /* AppDelegate.m */ = {isa = PBXFileReference; lastKnownFileType = sourcecode.c.objc; path = AppDelegate.m; sourceTree = "<group>"; };
		92CB3B951862F5EE00FDF29C /* Base */ = {isa = PBXFileReference; lastKnownFileType = file.storyboard; name = Base; path = Base.lproj/Main_iPhone.storyboard; sourceTree = "<group>"; };
		92CB3B981862F5EE00FDF29C /* Base */ = {isa = PBXFileReference; lastKnownFileType = file.storyboard; name = Base; path = Base.lproj/Main_iPad.storyboard; sourceTree = "<group>"; };
		92CB3B9A1862F5EE00FDF29C /* MasterViewController.h */ = {isa = PBXFileReference; lastKnownFileType = sourcecode.c.h; path = MasterViewController.h; sourceTree = "<group>"; };
		92CB3B9B1862F5EE00FDF29C /* MasterViewController.m */ = {isa = PBXFileReference; lastKnownFileType = sourcecode.c.objc; path = MasterViewController.m; sourceTree = "<group>"; };
		92CB3B9D1862F5EE00FDF29C /* DetailViewController.h */ = {isa = PBXFileReference; lastKnownFileType = sourcecode.c.h; path = DetailViewController.h; sourceTree = "<group>"; };
		92CB3B9E1862F5EE00FDF29C /* DetailViewController.m */ = {isa = PBXFileReference; lastKnownFileType = sourcecode.c.objc; path = DetailViewController.m; sourceTree = "<group>"; };
		92CB3BA01862F5EE00FDF29C /* Images.xcassets */ = {isa = PBXFileReference; lastKnownFileType = folder.assetcatalog; path = Images.xcassets; sourceTree = "<group>"; };
		92CB3BA61862F5EE00FDF29C /* MasterDetailAppTests.xctest */ = {isa = PBXFileReference; explicitFileType = wrapper.cfbundle; includeInIndex = 0; path = MasterDetailAppTests.xctest; sourceTree = BUILT_PRODUCTS_DIR; };
		92CB3BA71862F5EE00FDF29C /* XCTest.framework */ = {isa = PBXFileReference; lastKnownFileType = wrapper.framework; name = XCTest.framework; path = Library/Frameworks/XCTest.framework; sourceTree = DEVELOPER_DIR; };
		92CB3BAF1862F5EE00FDF29C /* MasterDetailAppTests-Info.plist */ = {isa = PBXFileReference; lastKnownFileType = text.plist.xml; path = "MasterDetailAppTests-Info.plist"; sourceTree = "<group>"; };
		92CB3BB11862F5EE00FDF29C /* en */ = {isa = PBXFileReference; lastKnownFileType = text.plist.strings; name = en; path = en.lproj/InfoPlist.strings; sourceTree = "<group>"; };
		92CB3BB31862F5EE00FDF29C /* MasterDetailAppTests.m */ = {isa = PBXFileReference; lastKnownFileType = sourcecode.c.objc; path = MasterDetailAppTests.m; sourceTree = "<group>"; };
		E7D8F519FB7344FA9CD46D9A /* libPods.a */ = {isa = PBXFileReference; explicitFileType = archive.ar; includeInIndex = 0; path = libPods.a; sourceTree = BUILT_PRODUCTS_DIR; };
/* End PBXFileReference section */

/* Begin PBXFrameworksBuildPhase section */
		92CB3B7C1862F5EE00FDF29C /* Frameworks */ = {
			isa = PBXFrameworksBuildPhase;
			buildActionMask = 2147483647;
			files = (
				92CB3B851862F5EE00FDF29C /* CoreGraphics.framework in Frameworks */,
				92CB3B871862F5EE00FDF29C /* UIKit.framework in Frameworks */,
				92CB3B831862F5EE00FDF29C /* Foundation.framework in Frameworks */,
				F6F2441CD0594752A645C957 /* libPods.a in Frameworks */,
			);
			runOnlyForDeploymentPostprocessing = 0;
		};
		92CB3BA31862F5EE00FDF29C /* Frameworks */ = {
			isa = PBXFrameworksBuildPhase;
			buildActionMask = 2147483647;
			files = (
				92CB3BA81862F5EE00FDF29C /* XCTest.framework in Frameworks */,
				92CB3BAA1862F5EE00FDF29C /* UIKit.framework in Frameworks */,
				92CB3BA91862F5EE00FDF29C /* Foundation.framework in Frameworks */,
			);
			runOnlyForDeploymentPostprocessing = 0;
		};
/* End PBXFrameworksBuildPhase section */

/* Begin PBXGroup section */
		9239320E1871910E00676300 /* Resources */ = {
			isa = PBXGroup;
			children = (
				9239320C1871910B00676300 /* ApuntesyConsejos1.xml */,
			);
			name = Resources;
			sourceTree = "<group>";
		};
		923932171871D7B400676300 /* XMLController */ = {
			isa = PBXGroup;
			children = (
				923932141871D7AD00676300 /* XMLController.h */,
				923932151871D7AD00676300 /* XMLController.m */,
			);
			name = XMLController;
			path = ..;
			sourceTree = "<group>";
		};
		923D3680187BFEA400D61956 /* Detail */ = {
			isa = PBXGroup;
			children = (
				92CB3B9D1862F5EE00FDF29C /* DetailViewController.h */,
				92CB3B9E1862F5EE00FDF29C /* DetailViewController.m */,
			);
			name = Detail;
			sourceTree = "<group>";
		};
		923D3681187BFEAE00D61956 /* Master */ = {
			isa = PBXGroup;
			children = (
				92CB3B9A1862F5EE00FDF29C /* MasterViewController.h */,
				92CB3B9B1862F5EE00FDF29C /* MasterViewController.m */,
			);
			name = Master;
			sourceTree = "<group>";
		};
		9262B332186353F60062F39D /* File */ = {
			isa = PBXGroup;
			children = (
				9262B3301863519E0062F39D /* File.m */,
				9262B32F1863519E0062F39D /* File.h */,
			);
			name = File;
			sourceTree = "<group>";
		};
		9262B336186357000062F39D /* DisplayUnit */ = {
			isa = PBXGroup;
			children = (
				9262B333186356F70062F39D /* DisplayUnit.h */,
				9262B334186356F70062F39D /* DisplayUnit.m */,
			);
			name = DisplayUnit;
			sourceTree = "<group>";
		};
		92B14F4718755681005027D5 /* Model */ = {
			isa = PBXGroup;
			children = (
				9262B336186357000062F39D /* DisplayUnit */,
				9262B332186353F60062F39D /* File */,
			);
			name = Model;
			sourceTree = "<group>";
		};
		92B14F4C1875B833005027D5 /* CustomCells */ = {
			isa = PBXGroup;
			children = (
				92B14F491875B82E005027D5 /* TipCell.h */,
				92B14F4A1875B82E005027D5 /* TipCell.m */,
			);
			name = CustomCells;
			sourceTree = "<group>";
		};
		92CB3B761862F5EE00FDF29C = {
			isa = PBXGroup;
			children = (
				92CB3B811862F5EE00FDF29C /* Frameworks */,
				92CB3B881862F5EE00FDF29C /* MasterDetailApp */,
				92CB3BAD1862F5EE00FDF29C /* MasterDetailAppTests */,
				7A9CBF0FAF9A45ABB2ED66A5 /* Pods.xcconfig */,
				92CB3B801862F5EE00FDF29C /* Products */,
				9239320E1871910E00676300 /* Resources */,
			);
			sourceTree = "<group>";
		};
		92CB3B801862F5EE00FDF29C /* Products */ = {
			isa = PBXGroup;
			children = (
				92CB3B7F1862F5EE00FDF29C /* MasterDetailApp.app */,
				92CB3BA61862F5EE00FDF29C /* MasterDetailAppTests.xctest */,
			);
			name = Products;
			sourceTree = "<group>";
		};
		92CB3B811862F5EE00FDF29C /* Frameworks */ = {
			isa = PBXGroup;
			children = (
				92CB3B821862F5EE00FDF29C /* Foundation.framework */,
				92CB3B841862F5EE00FDF29C /* CoreGraphics.framework */,
				92CB3B861862F5EE00FDF29C /* UIKit.framework */,
				92CB3BA71862F5EE00FDF29C /* XCTest.framework */,
				E7D8F519FB7344FA9CD46D9A /* libPods.a */,
			);
			name = Frameworks;
			sourceTree = "<group>";
		};
		92CB3B881862F5EE00FDF29C /* MasterDetailApp */ = {
			isa = PBXGroup;
			children = (
				923D3680187BFEA400D61956 /* Detail */,
				92B14F4718755681005027D5 /* Model */,
				92CB3BA01862F5EE00FDF29C /* Images.xcassets */,
				92CB3B971862F5EE00FDF29C /* Main_iPad.storyboard */,
				92CB3B941862F5EE00FDF29C /* Main_iPhone.storyboard */,
				923D3681187BFEAE00D61956 /* Master */,
				92CB3B891862F5EE00FDF29C /* Supporting Files */,
				923932171871D7B400676300 /* XMLController */,
				92B14F4C1875B833005027D5 /* CustomCells */,
			);
			path = MasterDetailApp;
			sourceTree = "<group>";
		};
		92CB3B891862F5EE00FDF29C /* Supporting Files */ = {
			isa = PBXGroup;
			children = (
				92CB3B911862F5EE00FDF29C /* AppDelegate.h */,
				92CB3B921862F5EE00FDF29C /* AppDelegate.m */,
				92CB3B8A1862F5EE00FDF29C /* MasterDetailApp-Info.plist */,
				92CB3B8B1862F5EE00FDF29C /* InfoPlist.strings */,
				92CB3B8E1862F5EE00FDF29C /* main.m */,
				92CB3B901862F5EE00FDF29C /* MasterDetailApp-Prefix.pch */,
			);
			name = "Supporting Files";
			sourceTree = "<group>";
		};
		92CB3BAD1862F5EE00FDF29C /* MasterDetailAppTests */ = {
			isa = PBXGroup;
			children = (
				92CB3BB31862F5EE00FDF29C /* MasterDetailAppTests.m */,
				92CB3BAE1862F5EE00FDF29C /* Supporting Files */,
			);
			path = MasterDetailAppTests;
			sourceTree = "<group>";
		};
		92CB3BAE1862F5EE00FDF29C /* Supporting Files */ = {
			isa = PBXGroup;
			children = (
				92CB3BAF1862F5EE00FDF29C /* MasterDetailAppTests-Info.plist */,
				92CB3BB01862F5EE00FDF29C /* InfoPlist.strings */,
			);
			name = "Supporting Files";
			sourceTree = "<group>";
		};
/* End PBXGroup section */

/* Begin PBXNativeTarget section */
		92CB3B7E1862F5EE00FDF29C /* MasterDetailApp */ = {
			isa = PBXNativeTarget;
			buildConfigurationList = 92CB3BB71862F5EE00FDF29C /* Build configuration list for PBXNativeTarget "MasterDetailApp" */;
			buildPhases = (
				3FC923D90E2F41FFB7D930E7 /* Check Pods Manifest.lock */,
				92CB3B7B1862F5EE00FDF29C /* Sources */,
				92CB3B7C1862F5EE00FDF29C /* Frameworks */,
				92CB3B7D1862F5EE00FDF29C /* Resources */,
				5D4CDE29462342A790B5BD5D /* Copy Pods Resources */,
			);
			buildRules = (
			);
			dependencies = (
			);
			name = MasterDetailApp;
			productName = MasterDetailApp;
			productReference = 92CB3B7F1862F5EE00FDF29C /* MasterDetailApp.app */;
			productType = "com.apple.product-type.application";
		};
		92CB3BA51862F5EE00FDF29C /* MasterDetailAppTests */ = {
			isa = PBXNativeTarget;
			buildConfigurationList = 92CB3BBA1862F5EE00FDF29C /* Build configuration list for PBXNativeTarget "MasterDetailAppTests" */;
			buildPhases = (
				92CB3BA21862F5EE00FDF29C /* Sources */,
				92CB3BA31862F5EE00FDF29C /* Frameworks */,
				92CB3BA41862F5EE00FDF29C /* Resources */,
			);
			buildRules = (
			);
			dependencies = (
				92CB3BAC1862F5EE00FDF29C /* PBXTargetDependency */,
			);
			name = MasterDetailAppTests;
			productName = MasterDetailAppTests;
			productReference = 92CB3BA61862F5EE00FDF29C /* MasterDetailAppTests.xctest */;
			productType = "com.apple.product-type.bundle.unit-test";
		};
/* End PBXNativeTarget section */

/* Begin PBXProject section */
		92CB3B771862F5EE00FDF29C /* Project object */ = {
			isa = PBXProject;
			attributes = {
				LastUpgradeCheck = 0500;
				ORGANIZATIONNAME = mgarciaibanez;
				TargetAttributes = {
					92CB3BA51862F5EE00FDF29C = {
						TestTargetID = 92CB3B7E1862F5EE00FDF29C;
					};
				};
			};
			buildConfigurationList = 92CB3B7A1862F5EE00FDF29C /* Build configuration list for PBXProject "MasterDetailApp" */;
			compatibilityVersion = "Xcode 3.2";
			developmentRegion = English;
			hasScannedForEncodings = 0;
			knownRegions = (
				en,
				Base,
			);
			mainGroup = 92CB3B761862F5EE00FDF29C;
			productRefGroup = 92CB3B801862F5EE00FDF29C /* Products */;
			projectDirPath = "";
			projectRoot = "";
			targets = (
				92CB3B7E1862F5EE00FDF29C /* MasterDetailApp */,
				92CB3BA51862F5EE00FDF29C /* MasterDetailAppTests */,
			);
		};
/* End PBXProject section */

/* Begin PBXResourcesBuildPhase section */
		92CB3B7D1862F5EE00FDF29C /* Resources */ = {
			isa = PBXResourcesBuildPhase;
			buildActionMask = 2147483647;
			files = (
				92CB3B991862F5EE00FDF29C /* Main_iPad.storyboard in Resources */,
				92CB3BA11862F5EE00FDF29C /* Images.xcassets in Resources */,
				9239320D1871910B00676300 /* ApuntesyConsejos1.xml in Resources */,
				92CB3B961862F5EE00FDF29C /* Main_iPhone.storyboard in Resources */,
				92CB3B8D1862F5EE00FDF29C /* InfoPlist.strings in Resources */,
			);
			runOnlyForDeploymentPostprocessing = 0;
		};
		92CB3BA41862F5EE00FDF29C /* Resources */ = {
			isa = PBXResourcesBuildPhase;
			buildActionMask = 2147483647;
			files = (
				92CB3BB21862F5EE00FDF29C /* InfoPlist.strings in Resources */,
			);
			runOnlyForDeploymentPostprocessing = 0;
		};
/* End PBXResourcesBuildPhase section */

/* Begin PBXShellScriptBuildPhase section */
		3FC923D90E2F41FFB7D930E7 /* Check Pods Manifest.lock */ = {
			isa = PBXShellScriptBuildPhase;
			buildActionMask = 2147483647;
			files = (
			);
			inputPaths = (
			);
			name = "Check Pods Manifest.lock";
			outputPaths = (
			);
			runOnlyForDeploymentPostprocessing = 0;
			shellPath = /bin/sh;
			shellScript = "diff \"${PODS_ROOT}/../Podfile.lock\" \"${PODS_ROOT}/Manifest.lock\" > /dev/null\nif [[ $? != 0 ]] ; then\n    cat << EOM\nerror: The sandbox is not in sync with the Podfile.lock. Run 'pod install' or update your CocoaPods installation.\nEOM\n    exit 1\nfi\n";
			showEnvVarsInLog = 0;
		};
		5D4CDE29462342A790B5BD5D /* Copy Pods Resources */ = {
			isa = PBXShellScriptBuildPhase;
			buildActionMask = 2147483647;
			files = (
			);
			inputPaths = (
			);
			name = "Copy Pods Resources";
			outputPaths = (
			);
			runOnlyForDeploymentPostprocessing = 0;
			shellPath = /bin/sh;
			shellScript = "\"${SRCROOT}/Pods/Pods-resources.sh\"\n";
			showEnvVarsInLog = 0;
		};
/* End PBXShellScriptBuildPhase section */

/* Begin PBXSourcesBuildPhase section */
		92CB3B7B1862F5EE00FDF29C /* Sources */ = {
			isa = PBXSourcesBuildPhase;
			buildActionMask = 2147483647;
			files = (
				9262B3311863519E0062F39D /* File.m in Sources */,
				92B14F4B1875B82E005027D5 /* TipCell.m in Sources */,
				92CB3B931862F5EE00FDF29C /* AppDelegate.m in Sources */,
				92CB3B9C1862F5EE00FDF29C /* MasterViewController.m in Sources */,
				92CB3B8F1862F5EE00FDF29C /* main.m in Sources */,
				9262B335186356F70062F39D /* DisplayUnit.m in Sources */,
				923932161871D7AD00676300 /* XMLController.m in Sources */,
				92CB3B9F1862F5EE00FDF29C /* DetailViewController.m in Sources */,
			);
			runOnlyForDeploymentPostprocessing = 0;
		};
		92CB3BA21862F5EE00FDF29C /* Sources */ = {
			isa = PBXSourcesBuildPhase;
			buildActionMask = 2147483647;
			files = (
				92CB3BB41862F5EE00FDF29C /* MasterDetailAppTests.m in Sources */,
			);
			runOnlyForDeploymentPostprocessing = 0;
		};
/* End PBXSourcesBuildPhase section */

/* Begin PBXTargetDependency section */
		92CB3BAC1862F5EE00FDF29C /* PBXTargetDependency */ = {
			isa = PBXTargetDependency;
			target = 92CB3B7E1862F5EE00FDF29C /* MasterDetailApp */;
			targetProxy = 92CB3BAB1862F5EE00FDF29C /* PBXContainerItemProxy */;
		};
/* End PBXTargetDependency section */

/* Begin PBXVariantGroup section */
		92CB3B8B1862F5EE00FDF29C /* InfoPlist.strings */ = {
			isa = PBXVariantGroup;
			children = (
				92CB3B8C1862F5EE00FDF29C /* en */,
			);
			name = InfoPlist.strings;
			sourceTree = "<group>";
		};
		92CB3B941862F5EE00FDF29C /* Main_iPhone.storyboard */ = {
			isa = PBXVariantGroup;
			children = (
				92CB3B951862F5EE00FDF29C /* Base */,
			);
			name = Main_iPhone.storyboard;
			sourceTree = "<group>";
		};
		92CB3B971862F5EE00FDF29C /* Main_iPad.storyboard */ = {
			isa = PBXVariantGroup;
			children = (
				92CB3B981862F5EE00FDF29C /* Base */,
			);
			name = Main_iPad.storyboard;
			sourceTree = "<group>";
		};
		92CB3BB01862F5EE00FDF29C /* InfoPlist.strings */ = {
			isa = PBXVariantGroup;
			children = (
				92CB3BB11862F5EE00FDF29C /* en */,
			);
			name = InfoPlist.strings;
			sourceTree = "<group>";
		};
/* End PBXVariantGroup section */

/* Begin XCBuildConfiguration section */
		92CB3BB51862F5EE00FDF29C /* Debug */ = {
			isa = XCBuildConfiguration;
			buildSettings = {
				ALWAYS_SEARCH_USER_PATHS = NO;
				ARCHS = "$(ARCHS_STANDARD_INCLUDING_64_BIT)";
				CLANG_CXX_LANGUAGE_STANDARD = "gnu++0x";
				CLANG_CXX_LIBRARY = "libc++";
				CLANG_ENABLE_MODULES = YES;
				CLANG_ENABLE_OBJC_ARC = YES;
				CLANG_WARN_BOOL_CONVERSION = YES;
				CLANG_WARN_CONSTANT_CONVERSION = YES;
				CLANG_WARN_DIRECT_OBJC_ISA_USAGE = YES_ERROR;
				CLANG_WARN_EMPTY_BODY = YES;
				CLANG_WARN_ENUM_CONVERSION = YES;
				CLANG_WARN_INT_CONVERSION = YES;
				CLANG_WARN_OBJC_ROOT_CLASS = YES_ERROR;
				CLANG_WARN__DUPLICATE_METHOD_MATCH = YES;
				"CODE_SIGN_IDENTITY[sdk=iphoneos*]" = "iPhone Developer";
				COPY_PHASE_STRIP = NO;
				GCC_C_LANGUAGE_STANDARD = gnu99;
				GCC_DYNAMIC_NO_PIC = NO;
				GCC_OPTIMIZATION_LEVEL = 0;
				GCC_PREPROCESSOR_DEFINITIONS = (
					"DEBUG=1",
					"$(inherited)",
				);
				GCC_SYMBOLS_PRIVATE_EXTERN = NO;
				GCC_WARN_64_TO_32_BIT_CONVERSION = YES;
				GCC_WARN_ABOUT_RETURN_TYPE = YES_ERROR;
				GCC_WARN_UNDECLARED_SELECTOR = YES;
				GCC_WARN_UNINITIALIZED_AUTOS = YES;
				GCC_WARN_UNUSED_FUNCTION = YES;
				GCC_WARN_UNUSED_VARIABLE = YES;
				IPHONEOS_DEPLOYMENT_TARGET = 7.0;
				ONLY_ACTIVE_ARCH = YES;
				SDKROOT = iphoneos;
				TARGETED_DEVICE_FAMILY = "1,2";
			};
			name = Debug;
		};
		92CB3BB61862F5EE00FDF29C /* Release */ = {
			isa = XCBuildConfiguration;
			buildSettings = {
				ALWAYS_SEARCH_USER_PATHS = NO;
				ARCHS = "$(ARCHS_STANDARD_INCLUDING_64_BIT)";
				CLANG_CXX_LANGUAGE_STANDARD = "gnu++0x";
				CLANG_CXX_LIBRARY = "libc++";
				CLANG_ENABLE_MODULES = YES;
				CLANG_ENABLE_OBJC_ARC = YES;
				CLANG_WARN_BOOL_CONVERSION = YES;
				CLANG_WARN_CONSTANT_CONVERSION = YES;
				CLANG_WARN_DIRECT_OBJC_ISA_USAGE = YES_ERROR;
				CLANG_WARN_EMPTY_BODY = YES;
				CLANG_WARN_ENUM_CONVERSION = YES;
				CLANG_WARN_INT_CONVERSION = YES;
				CLANG_WARN_OBJC_ROOT_CLASS = YES_ERROR;
				CLANG_WARN__DUPLICATE_METHOD_MATCH = YES;
				"CODE_SIGN_IDENTITY[sdk=iphoneos*]" = "iPhone Developer";
				COPY_PHASE_STRIP = YES;
				ENABLE_NS_ASSERTIONS = NO;
				GCC_C_LANGUAGE_STANDARD = gnu99;
				GCC_WARN_64_TO_32_BIT_CONVERSION = YES;
				GCC_WARN_ABOUT_RETURN_TYPE = YES_ERROR;
				GCC_WARN_UNDECLARED_SELECTOR = YES;
				GCC_WARN_UNINITIALIZED_AUTOS = YES;
				GCC_WARN_UNUSED_FUNCTION = YES;
				GCC_WARN_UNUSED_VARIABLE = YES;
				IPHONEOS_DEPLOYMENT_TARGET = 7.0;
				SDKROOT = iphoneos;
				TARGETED_DEVICE_FAMILY = "1,2";
				VALIDATE_PRODUCT = YES;
			};
			name = Release;
		};
		92CB3BB81862F5EE00FDF29C /* Debug */ = {
			isa = XCBuildConfiguration;
			baseConfigurationReference = 7A9CBF0FAF9A45ABB2ED66A5 /* Pods.xcconfig */;
			buildSettings = {
				ASSETCATALOG_COMPILER_APPICON_NAME = AppIcon;
				ASSETCATALOG_COMPILER_LAUNCHIMAGE_NAME = LaunchImage;
				GCC_PRECOMPILE_PREFIX_HEADER = YES;
				GCC_PREFIX_HEADER = "MasterDetailApp/MasterDetailApp-Prefix.pch";
				INFOPLIST_FILE = "MasterDetailApp/MasterDetailApp-Info.plist";
				PRODUCT_NAME = "$(TARGET_NAME)";
				WRAPPER_EXTENSION = app;
			};
			name = Debug;
		};
		92CB3BB91862F5EE00FDF29C /* Release */ = {
			isa = XCBuildConfiguration;
			baseConfigurationReference = 7A9CBF0FAF9A45ABB2ED66A5 /* Pods.xcconfig */;
			buildSettings = {
				ASSETCATALOG_COMPILER_APPICON_NAME = AppIcon;
				ASSETCATALOG_COMPILER_LAUNCHIMAGE_NAME = LaunchImage;
				GCC_PRECOMPILE_PREFIX_HEADER = YES;
				GCC_PREFIX_HEADER = "MasterDetailApp/MasterDetailApp-Prefix.pch";
				INFOPLIST_FILE = "MasterDetailApp/MasterDetailApp-Info.plist";
				PRODUCT_NAME = "$(TARGET_NAME)";
				WRAPPER_EXTENSION = app;
			};
			name = Release;
		};
		92CB3BBB1862F5EE00FDF29C /* Debug */ = {
			isa = XCBuildConfiguration;
			buildSettings = {
				ARCHS = "$(ARCHS_STANDARD_INCLUDING_64_BIT)";
				BUNDLE_LOADER = "$(BUILT_PRODUCTS_DIR)/MasterDetailApp.app/MasterDetailApp";
				FRAMEWORK_SEARCH_PATHS = (
					"$(SDKROOT)/Developer/Library/Frameworks",
					"$(inherited)",
					"$(DEVELOPER_FRAMEWORKS_DIR)",
				);
				GCC_PRECOMPILE_PREFIX_HEADER = YES;
				GCC_PREFIX_HEADER = "MasterDetailApp/MasterDetailApp-Prefix.pch";
				GCC_PREPROCESSOR_DEFINITIONS = (
					"DEBUG=1",
					"$(inherited)",
				);
				INFOPLIST_FILE = "MasterDetailAppTests/MasterDetailAppTests-Info.plist";
				PRODUCT_NAME = "$(TARGET_NAME)";
				TEST_HOST = "$(BUNDLE_LOADER)";
				WRAPPER_EXTENSION = xctest;
			};
			name = Debug;
		};
		92CB3BBC1862F5EE00FDF29C /* Release */ = {
			isa = XCBuildConfiguration;
			buildSettings = {
				ARCHS = "$(ARCHS_STANDARD_INCLUDING_64_BIT)";
				BUNDLE_LOADER = "$(BUILT_PRODUCTS_DIR)/MasterDetailApp.app/MasterDetailApp";
				FRAMEWORK_SEARCH_PATHS = (
					"$(SDKROOT)/Developer/Library/Frameworks",
					"$(inherited)",
					"$(DEVELOPER_FRAMEWORKS_DIR)",
				);
				GCC_PRECOMPILE_PREFIX_HEADER = YES;
				GCC_PREFIX_HEADER = "MasterDetailApp/MasterDetailApp-Prefix.pch";
				INFOPLIST_FILE = "MasterDetailAppTests/MasterDetailAppTests-Info.plist";
				PRODUCT_NAME = "$(TARGET_NAME)";
				TEST_HOST = "$(BUNDLE_LOADER)";
				WRAPPER_EXTENSION = xctest;
			};
			name = Release;
		};
/* End XCBuildConfiguration section */

/* Begin XCConfigurationList section */
		92CB3B7A1862F5EE00FDF29C /* Build configuration list for PBXProject "MasterDetailApp" */ = {
			isa = XCConfigurationList;
			buildConfigurations = (
				92CB3BB51862F5EE00FDF29C /* Debug */,
				92CB3BB61862F5EE00FDF29C /* Release */,
			);
			defaultConfigurationIsVisible = 0;
			defaultConfigurationName = Release;
		};
		92CB3BB71862F5EE00FDF29C /* Build configuration list for PBXNativeTarget "MasterDetailApp" */ = {
			isa = XCConfigurationList;
			buildConfigurations = (
				92CB3BB81862F5EE00FDF29C /* Debug */,
				92CB3BB91862F5EE00FDF29C /* Release */,
			);
			defaultConfigurationIsVisible = 0;
			defaultConfigurationName = Release;
		};
		92CB3BBA1862F5EE00FDF29C /* Build configuration list for PBXNativeTarget "MasterDetailAppTests" */ = {
			isa = XCConfigurationList;
			buildConfigurations = (
				92CB3BBB1862F5EE00FDF29C /* Debug */,
				92CB3BBC1862F5EE00FDF29C /* Release */,
			);
			defaultConfigurationIsVisible = 0;
			defaultConfigurationName = Release;
		};
/* End XCConfigurationList section */
	};
	rootObject = 92CB3B771862F5EE00FDF29C /* Project object */;
}
